
Microsoft Visual Studio Solution File, Format Version 12.00
# Visual Studio Version 17
VisualStudioVersion = 17.13.35919.96 d17.13
MinimumVisualStudioVersion = 10.0.40219.1
Project("{FAE04EC0-301F-11D3-BF4B-00C04F79EFBC}") = "COMP003B.Assignment3", "COMP003B.Assignment3\COMP003B.Assignment3.csproj", "{1CFE16FC-6556-4503-868B-B904FA3878F1}"
EndProject
Global
	GlobalSection(SolutionConfigurationPlatforms) = preSolution
		Debug|Any CPU = Debug|Any CPU
		Release|Any CPU = Release|Any CPU
	EndGlobalSection
	GlobalSection(ProjectConfigurationPlatforms) = postSolution
		{1CFE16FC-6556-4503-868B-B904FA3878F1}.Debug|Any CPU.ActiveCfg = Debug|Any CPU
		{1CFE16FC-6556-4503-868B-B904FA3878F1}.Debug|Any CPU.Build.0 = Debug|Any CPU
		{1CFE16FC-6556-4503-868B-B904FA3878F1}.Release|Any CPU.ActiveCfg = Release|Any CPU
		{1CFE16FC-6556-4503-868B-B904FA3878F1}.Release|Any CPU.Build.0 = Release|Any CPU
	EndGlobalSection
	GlobalSection(SolutionProperties) = preSolution
		HideSolutionNode = FALSE
	EndGlobalSection
	GlobalSection(ExtensibilityGlobals) = postSolution
		SolutionGuid = {2280F412-D279-42C9-903F-BA4EC385C33F}
	EndGlobalSection
EndGlobal
